
Microsoft Visual Studio Solution File, Format Version 12.00
# Visual Studio Version 17
VisualStudioVersion = 17.0.31903.59
MinimumVisualStudioVersion = 10.0.40219.1
Project("{2150E333-8FDC-42A3-9474-1A3956D46DE8}") = "src", "src", "{7164E855-2349-489D-9FCE-3D35992D9924}"
EndProject
Project("{FAE04EC0-301F-11D3-BF4B-00C04F79EFBC}") = "Model", "src\Model\Model.csproj", "{4CC04D4C-952B-4D46-81C9-F9F7AC9C3E11}"
EndProject
Project("{FAE04EC0-301F-11D3-BF4B-00C04F79EFBC}") = "Builders", "src\Builders\Builders.csproj", "{321988B8-CFDC-4845-B3F4-7B7DFF424EEA}"
EndProject
Project("{FAE04EC0-301F-11D3-BF4B-00C04F79EFBC}") = "Marshalling", "src\Marshalling\Marshalling.csproj", "{726A43AB-6742-4685-99F4-3FFD6BA00F95}"
EndProject
Project("{FAE04EC0-301F-11D3-BF4B-00C04F79EFBC}") = "Transformer", "src\Transformer\Transformer.csproj", "{E3B6666B-05DA-477A-98B9-D5DDF2AAB421}"
EndProject
Project("{2150E333-8FDC-42A3-9474-1A3956D46DE8}") = "Expressions", "Expressions", "{8257B470-BCF0-4B2F-A60F-392EB10881D9}"
EndProject
Project("{FAE04EC0-301F-11D3-BF4B-00C04F79EFBC}") = "Context", "src\Expressions\Context\Context.csproj", "{F6DA29DA-DE65-491C-999D-55C582FC2C4E}"
EndProject
Project("{FAE04EC0-301F-11D3-BF4B-00C04F79EFBC}") = "Mocks", "src\Expressions\Mocks\Mocks.csproj", "{27A29543-6B94-4154-9DC9-89AB75785F1C}"
EndProject
Project("{2150E333-8FDC-42A3-9474-1A3956D46DE8}") = "test", "test", "{A7868964-0C9A-4FFD-AA7D-99A5342A55AA}"
EndProject
Project("{FAE04EC0-301F-11D3-BF4B-00C04F79EFBC}") = "Test.Builders", "test\Test.Builders\Test.Builders.csproj", "{0FD621F3-0AE2-48F5-A70E-9D585FF7E839}"
EndProject
Project("{FAE04EC0-301F-11D3-BF4B-00C04F79EFBC}") = "Test.Marshalling", "test\Test.Marshalling\Test.Marshalling.csproj", "{F4A7906F-E786-4D4A-AB25-F3AED30C419E}"
EndProject
Project("{2150E333-8FDC-42A3-9474-1A3956D46DE8}") = "Generators", "Generators", "{B1427B18-042D-468D-A827-38EF0EB21574}"
EndProject
Project("{FAE04EC0-301F-11D3-BF4B-00C04F79EFBC}") = "Attributes", "src\Generators\Attributes\Attributes.csproj", "{E17A25D6-1A77-456E-AB13-7842ADBE67FD}"
EndProject
Project("{FAE04EC0-301F-11D3-BF4B-00C04F79EFBC}") = "Builders", "src\Generators\Builders\Builders.csproj", "{8B8ED52E-5E0C-40D1-B5A8-BC46BD914EC6}"
EndProject
Project("{FAE04EC0-301F-11D3-BF4B-00C04F79EFBC}") = "Test.Expressions.Analyzer", "test\Test.Expressions.Analyzer\Test.Expressions.Analyzer.csproj", "{52016841-0B9A-41C3-A22F-A0CAB7680A0D}"
EndProject
Project("{FAE04EC0-301F-11D3-BF4B-00C04F79EFBC}") = "Analyzers", "src\Analyzers\Analyzers.csproj", "{2770E8AD-1381-43EE-899B-6F68438313F2}"
EndProject
Global
	GlobalSection(SolutionConfigurationPlatforms) = preSolution
		Debug|Any CPU = Debug|Any CPU
		Release|Any CPU = Release|Any CPU
	EndGlobalSection
	GlobalSection(SolutionProperties) = preSolution
		HideSolutionNode = FALSE
	EndGlobalSection
	GlobalSection(ProjectConfigurationPlatforms) = postSolution
		{321988B8-CFDC-4845-B3F4-7B7DFF424EEA}.Debug|Any CPU.ActiveCfg = Debug|Any CPU
		{321988B8-CFDC-4845-B3F4-7B7DFF424EEA}.Debug|Any CPU.Build.0 = Debug|Any CPU
		{321988B8-CFDC-4845-B3F4-7B7DFF424EEA}.Release|Any CPU.ActiveCfg = Release|Any CPU
		{321988B8-CFDC-4845-B3F4-7B7DFF424EEA}.Release|Any CPU.Build.0 = Release|Any CPU
		{726A43AB-6742-4685-99F4-3FFD6BA00F95}.Debug|Any CPU.ActiveCfg = Debug|Any CPU
		{726A43AB-6742-4685-99F4-3FFD6BA00F95}.Debug|Any CPU.Build.0 = Debug|Any CPU
		{726A43AB-6742-4685-99F4-3FFD6BA00F95}.Release|Any CPU.ActiveCfg = Release|Any CPU
		{726A43AB-6742-4685-99F4-3FFD6BA00F95}.Release|Any CPU.Build.0 = Release|Any CPU
		{4CC04D4C-952B-4D46-81C9-F9F7AC9C3E11}.Debug|Any CPU.ActiveCfg = Debug|Any CPU
		{4CC04D4C-952B-4D46-81C9-F9F7AC9C3E11}.Debug|Any CPU.Build.0 = Debug|Any CPU
		{4CC04D4C-952B-4D46-81C9-F9F7AC9C3E11}.Release|Any CPU.ActiveCfg = Release|Any CPU
		{4CC04D4C-952B-4D46-81C9-F9F7AC9C3E11}.Release|Any CPU.Build.0 = Release|Any CPU
		{E3B6666B-05DA-477A-98B9-D5DDF2AAB421}.Debug|Any CPU.ActiveCfg = Debug|Any CPU
		{E3B6666B-05DA-477A-98B9-D5DDF2AAB421}.Debug|Any CPU.Build.0 = Debug|Any CPU
		{E3B6666B-05DA-477A-98B9-D5DDF2AAB421}.Release|Any CPU.ActiveCfg = Release|Any CPU
		{E3B6666B-05DA-477A-98B9-D5DDF2AAB421}.Release|Any CPU.Build.0 = Release|Any CPU
		{0FD621F3-0AE2-48F5-A70E-9D585FF7E839}.Debug|Any CPU.ActiveCfg = Debug|Any CPU
		{0FD621F3-0AE2-48F5-A70E-9D585FF7E839}.Debug|Any CPU.Build.0 = Debug|Any CPU
		{0FD621F3-0AE2-48F5-A70E-9D585FF7E839}.Release|Any CPU.ActiveCfg = Release|Any CPU
		{0FD621F3-0AE2-48F5-A70E-9D585FF7E839}.Release|Any CPU.Build.0 = Release|Any CPU
		{F4A7906F-E786-4D4A-AB25-F3AED30C419E}.Debug|Any CPU.ActiveCfg = Debug|Any CPU
		{F4A7906F-E786-4D4A-AB25-F3AED30C419E}.Debug|Any CPU.Build.0 = Debug|Any CPU
		{F4A7906F-E786-4D4A-AB25-F3AED30C419E}.Release|Any CPU.ActiveCfg = Release|Any CPU
		{F4A7906F-E786-4D4A-AB25-F3AED30C419E}.Release|Any CPU.Build.0 = Release|Any CPU
		{F6DA29DA-DE65-491C-999D-55C582FC2C4E}.Debug|Any CPU.ActiveCfg = Debug|Any CPU
		{F6DA29DA-DE65-491C-999D-55C582FC2C4E}.Debug|Any CPU.Build.0 = Debug|Any CPU
		{F6DA29DA-DE65-491C-999D-55C582FC2C4E}.Release|Any CPU.ActiveCfg = Release|Any CPU
		{F6DA29DA-DE65-491C-999D-55C582FC2C4E}.Release|Any CPU.Build.0 = Release|Any CPU
		{E17A25D6-1A77-456E-AB13-7842ADBE67FD}.Debug|Any CPU.ActiveCfg = Debug|Any CPU
		{E17A25D6-1A77-456E-AB13-7842ADBE67FD}.Debug|Any CPU.Build.0 = Debug|Any CPU
		{E17A25D6-1A77-456E-AB13-7842ADBE67FD}.Release|Any CPU.ActiveCfg = Release|Any CPU
		{E17A25D6-1A77-456E-AB13-7842ADBE67FD}.Release|Any CPU.Build.0 = Release|Any CPU
		{8B8ED52E-5E0C-40D1-B5A8-BC46BD914EC6}.Debug|Any CPU.ActiveCfg = Debug|Any CPU
		{8B8ED52E-5E0C-40D1-B5A8-BC46BD914EC6}.Debug|Any CPU.Build.0 = Debug|Any CPU
		{8B8ED52E-5E0C-40D1-B5A8-BC46BD914EC6}.Release|Any CPU.ActiveCfg = Release|Any CPU
		{8B8ED52E-5E0C-40D1-B5A8-BC46BD914EC6}.Release|Any CPU.Build.0 = Release|Any CPU
		{27A29543-6B94-4154-9DC9-89AB75785F1C}.Debug|Any CPU.ActiveCfg = Debug|Any CPU
		{27A29543-6B94-4154-9DC9-89AB75785F1C}.Debug|Any CPU.Build.0 = Debug|Any CPU
		{27A29543-6B94-4154-9DC9-89AB75785F1C}.Release|Any CPU.ActiveCfg = Release|Any CPU
		{27A29543-6B94-4154-9DC9-89AB75785F1C}.Release|Any CPU.Build.0 = Release|Any CPU
		{52016841-0B9A-41C3-A22F-A0CAB7680A0D}.Debug|Any CPU.ActiveCfg = Debug|Any CPU
		{52016841-0B9A-41C3-A22F-A0CAB7680A0D}.Debug|Any CPU.Build.0 = Debug|Any CPU
		{52016841-0B9A-41C3-A22F-A0CAB7680A0D}.Release|Any CPU.ActiveCfg = Release|Any CPU
		{52016841-0B9A-41C3-A22F-A0CAB7680A0D}.Release|Any CPU.Build.0 = Release|Any CPU
		{2770E8AD-1381-43EE-899B-6F68438313F2}.Debug|Any CPU.ActiveCfg = Debug|Any CPU
		{2770E8AD-1381-43EE-899B-6F68438313F2}.Debug|Any CPU.Build.0 = Debug|Any CPU
		{2770E8AD-1381-43EE-899B-6F68438313F2}.Release|Any CPU.ActiveCfg = Release|Any CPU
		{2770E8AD-1381-43EE-899B-6F68438313F2}.Release|Any CPU.Build.0 = Release|Any CPU
	EndGlobalSection
	GlobalSection(NestedProjects) = preSolution
		{321988B8-CFDC-4845-B3F4-7B7DFF424EEA} = {7164E855-2349-489D-9FCE-3D35992D9924}
		{726A43AB-6742-4685-99F4-3FFD6BA00F95} = {7164E855-2349-489D-9FCE-3D35992D9924}
		{4CC04D4C-952B-4D46-81C9-F9F7AC9C3E11} = {7164E855-2349-489D-9FCE-3D35992D9924}
		{E3B6666B-05DA-477A-98B9-D5DDF2AAB421} = {7164E855-2349-489D-9FCE-3D35992D9924}
		{0FD621F3-0AE2-48F5-A70E-9D585FF7E839} = {A7868964-0C9A-4FFD-AA7D-99A5342A55AA}
		{F4A7906F-E786-4D4A-AB25-F3AED30C419E} = {A7868964-0C9A-4FFD-AA7D-99A5342A55AA}
		{8257B470-BCF0-4B2F-A60F-392EB10881D9} = {7164E855-2349-489D-9FCE-3D35992D9924}
		{F6DA29DA-DE65-491C-999D-55C582FC2C4E} = {8257B470-BCF0-4B2F-A60F-392EB10881D9}
		{B1427B18-042D-468D-A827-38EF0EB21574} = {7164E855-2349-489D-9FCE-3D35992D9924}
		{E17A25D6-1A77-456E-AB13-7842ADBE67FD} = {B1427B18-042D-468D-A827-38EF0EB21574}
		{8B8ED52E-5E0C-40D1-B5A8-BC46BD914EC6} = {B1427B18-042D-468D-A827-38EF0EB21574}
		{27A29543-6B94-4154-9DC9-89AB75785F1C} = {8257B470-BCF0-4B2F-A60F-392EB10881D9}
		{52016841-0B9A-41C3-A22F-A0CAB7680A0D} = {A7868964-0C9A-4FFD-AA7D-99A5342A55AA}
		{2770E8AD-1381-43EE-899B-6F68438313F2} = {7164E855-2349-489D-9FCE-3D35992D9924}
	EndGlobalSection
EndGlobal
