
Microsoft Visual Studio Solution File, Format Version 12.00
# Visual Studio Version 17
VisualStudioVersion = 17.0.31903.59
MinimumVisualStudioVersion = 10.0.40219.1
Project("{2150E333-8FDC-42A3-9474-1A3956D46DE8}") = "src", "src", "{A301B8E9-1238-4D19-B0B5-0A8CC5CC6BA3}"
EndProject
Project("{FAE04EC0-301F-11D3-BF4B-00C04F79EFBC}") = "Analyzers", "src\Analyzers\Analyzers.csproj", "{B3100E5A-A005-4ADD-B1A3-244A7891BF8A}"
EndProject
Project("{FAE04EC0-301F-11D3-BF4B-00C04F79EFBC}") = "Authoring", "src\Authoring\Authoring.csproj", "{73E9FE2D-21B6-47A0-B481-0A2F9B4BEECB}"
EndProject
Project("{FAE04EC0-301F-11D3-BF4B-00C04F79EFBC}") = "Compiler", "src\Compiler\Compiler.csproj", "{19972331-73C3-4E55-88AA-F2F267518BFD}"
EndProject
Project("{FAE04EC0-301F-11D3-BF4B-00C04F79EFBC}") = "Core", "src\Core\Core.csproj", "{64B92AAB-891B-47CC-B49A-EE9B82D60FEF}"
EndProject
Project("{FAE04EC0-301F-11D3-BF4B-00C04F79EFBC}") = "Emulator", "src\Emulator\Emulator.csproj", "{AC6B5B9C-6B35-45A0-A8C5-6E51EAB8A070}"
EndProject
Project("{2150E333-8FDC-42A3-9474-1A3956D46DE8}") = "Pack", "Pack", "{AC023C27-C648-4C4F-BF79-DAC872FB4E08}"
EndProject
Project("{FAE04EC0-301F-11D3-BF4B-00C04F79EFBC}") = "Policy", "src\Pack\Policy\Policy.csproj", "{1D1A4465-7829-4FCB-A99B-10C676FF6B79}"
EndProject
Project("{FAE04EC0-301F-11D3-BF4B-00C04F79EFBC}") = "Testing", "src\Pack\Testing\Testing.csproj", "{63616BEB-6981-432B-B26C-867351C3B9A0}"
EndProject
Project("{2150E333-8FDC-42A3-9474-1A3956D46DE8}") = "test", "test", "{A304AE9C-D781-4AC1-9778-0297ADF6037F}"
EndProject
Project("{FAE04EC0-301F-11D3-BF4B-00C04F79EFBC}") = "Test.Analyzers", "test\Test.Analyzers\Test.Analyzers.csproj", "{D9C442AF-4468-449F-B9E7-36DB7133129B}"
EndProject
Project("{FAE04EC0-301F-11D3-BF4B-00C04F79EFBC}") = "Test.Core", "test\Test.Core\Test.Core.csproj", "{1FC87E86-14AF-4240-BE52-8AB3BA09D47A}"
EndProject
Project("{FAE04EC0-301F-11D3-BF4B-00C04F79EFBC}") = "Test.Emulator", "test\Test.Emulator\Test.Emulator.csproj", "{43D3022B-F065-4B50-8C3A-AC6B58D9649C}"
EndProject
Global
	GlobalSection(SolutionConfigurationPlatforms) = preSolution
		Debug|Any CPU = Debug|Any CPU
		Release|Any CPU = Release|Any CPU
	EndGlobalSection
	GlobalSection(SolutionProperties) = preSolution
		HideSolutionNode = FALSE
	EndGlobalSection
	GlobalSection(ProjectConfigurationPlatforms) = postSolution
		{B3100E5A-A005-4ADD-B1A3-244A7891BF8A}.Debug|Any CPU.ActiveCfg = Debug|Any CPU
		{B3100E5A-A005-4ADD-B1A3-244A7891BF8A}.Debug|Any CPU.Build.0 = Debug|Any CPU
		{B3100E5A-A005-4ADD-B1A3-244A7891BF8A}.Release|Any CPU.ActiveCfg = Release|Any CPU
		{B3100E5A-A005-4ADD-B1A3-244A7891BF8A}.Release|Any CPU.Build.0 = Release|Any CPU
		{73E9FE2D-21B6-47A0-B481-0A2F9B4BEECB}.Debug|Any CPU.ActiveCfg = Debug|Any CPU
		{73E9FE2D-21B6-47A0-B481-0A2F9B4BEECB}.Debug|Any CPU.Build.0 = Debug|Any CPU
		{73E9FE2D-21B6-47A0-B481-0A2F9B4BEECB}.Release|Any CPU.ActiveCfg = Release|Any CPU
		{73E9FE2D-21B6-47A0-B481-0A2F9B4BEECB}.Release|Any CPU.Build.0 = Release|Any CPU
		{19972331-73C3-4E55-88AA-F2F267518BFD}.Debug|Any CPU.ActiveCfg = Debug|Any CPU
		{19972331-73C3-4E55-88AA-F2F267518BFD}.Debug|Any CPU.Build.0 = Debug|Any CPU
		{19972331-73C3-4E55-88AA-F2F267518BFD}.Release|Any CPU.ActiveCfg = Release|Any CPU
		{19972331-73C3-4E55-88AA-F2F267518BFD}.Release|Any CPU.Build.0 = Release|Any CPU
		{64B92AAB-891B-47CC-B49A-EE9B82D60FEF}.Debug|Any CPU.ActiveCfg = Debug|Any CPU
		{64B92AAB-891B-47CC-B49A-EE9B82D60FEF}.Debug|Any CPU.Build.0 = Debug|Any CPU
		{64B92AAB-891B-47CC-B49A-EE9B82D60FEF}.Release|Any CPU.ActiveCfg = Release|Any CPU
		{64B92AAB-891B-47CC-B49A-EE9B82D60FEF}.Release|Any CPU.Build.0 = Release|Any CPU
		{AC6B5B9C-6B35-45A0-A8C5-6E51EAB8A070}.Debug|Any CPU.ActiveCfg = Debug|Any CPU
		{AC6B5B9C-6B35-45A0-A8C5-6E51EAB8A070}.Debug|Any CPU.Build.0 = Debug|Any CPU
		{AC6B5B9C-6B35-45A0-A8C5-6E51EAB8A070}.Release|Any CPU.ActiveCfg = Release|Any CPU
		{AC6B5B9C-6B35-45A0-A8C5-6E51EAB8A070}.Release|Any CPU.Build.0 = Release|Any CPU
		{1D1A4465-7829-4FCB-A99B-10C676FF6B79}.Debug|Any CPU.ActiveCfg = Debug|Any CPU
		{1D1A4465-7829-4FCB-A99B-10C676FF6B79}.Debug|Any CPU.Build.0 = Debug|Any CPU
		{1D1A4465-7829-4FCB-A99B-10C676FF6B79}.Release|Any CPU.ActiveCfg = Release|Any CPU
		{1D1A4465-7829-4FCB-A99B-10C676FF6B79}.Release|Any CPU.Build.0 = Release|Any CPU
		{63616BEB-6981-432B-B26C-867351C3B9A0}.Debug|Any CPU.ActiveCfg = Debug|Any CPU
		{63616BEB-6981-432B-B26C-867351C3B9A0}.Debug|Any CPU.Build.0 = Debug|Any CPU
		{63616BEB-6981-432B-B26C-867351C3B9A0}.Release|Any CPU.ActiveCfg = Release|Any CPU
		{63616BEB-6981-432B-B26C-867351C3B9A0}.Release|Any CPU.Build.0 = Release|Any CPU
		{D9C442AF-4468-449F-B9E7-36DB7133129B}.Debug|Any CPU.ActiveCfg = Debug|Any CPU
		{D9C442AF-4468-449F-B9E7-36DB7133129B}.Debug|Any CPU.Build.0 = Debug|Any CPU
		{D9C442AF-4468-449F-B9E7-36DB7133129B}.Release|Any CPU.ActiveCfg = Release|Any CPU
		{D9C442AF-4468-449F-B9E7-36DB7133129B}.Release|Any CPU.Build.0 = Release|Any CPU
		{1FC87E86-14AF-4240-BE52-8AB3BA09D47A}.Debug|Any CPU.ActiveCfg = Debug|Any CPU
		{1FC87E86-14AF-4240-BE52-8AB3BA09D47A}.Debug|Any CPU.Build.0 = Debug|Any CPU
		{1FC87E86-14AF-4240-BE52-8AB3BA09D47A}.Release|Any CPU.ActiveCfg = Release|Any CPU
		{1FC87E86-14AF-4240-BE52-8AB3BA09D47A}.Release|Any CPU.Build.0 = Release|Any CPU
		{43D3022B-F065-4B50-8C3A-AC6B58D9649C}.Debug|Any CPU.ActiveCfg = Debug|Any CPU
		{43D3022B-F065-4B50-8C3A-AC6B58D9649C}.Debug|Any CPU.Build.0 = Debug|Any CPU
		{43D3022B-F065-4B50-8C3A-AC6B58D9649C}.Release|Any CPU.ActiveCfg = Release|Any CPU
		{43D3022B-F065-4B50-8C3A-AC6B58D9649C}.Release|Any CPU.Build.0 = Release|Any CPU
	EndGlobalSection
	GlobalSection(NestedProjects) = preSolution
		{B3100E5A-A005-4ADD-B1A3-244A7891BF8A} = {A301B8E9-1238-4D19-B0B5-0A8CC5CC6BA3}
		{73E9FE2D-21B6-47A0-B481-0A2F9B4BEECB} = {A301B8E9-1238-4D19-B0B5-0A8CC5CC6BA3}
		{19972331-73C3-4E55-88AA-F2F267518BFD} = {A301B8E9-1238-4D19-B0B5-0A8CC5CC6BA3}
		{64B92AAB-891B-47CC-B49A-EE9B82D60FEF} = {A301B8E9-1238-4D19-B0B5-0A8CC5CC6BA3}
		{AC6B5B9C-6B35-45A0-A8C5-6E51EAB8A070} = {A301B8E9-1238-4D19-B0B5-0A8CC5CC6BA3}
		{AC023C27-C648-4C4F-BF79-DAC872FB4E08} = {A301B8E9-1238-4D19-B0B5-0A8CC5CC6BA3}
		{1D1A4465-7829-4FCB-A99B-10C676FF6B79} = {AC023C27-C648-4C4F-BF79-DAC872FB4E08}
		{63616BEB-6981-432B-B26C-867351C3B9A0} = {AC023C27-C648-4C4F-BF79-DAC872FB4E08}
		{D9C442AF-4468-449F-B9E7-36DB7133129B} = {A304AE9C-D781-4AC1-9778-0297ADF6037F}
		{1FC87E86-14AF-4240-BE52-8AB3BA09D47A} = {A304AE9C-D781-4AC1-9778-0297ADF6037F}
		{43D3022B-F065-4B50-8C3A-AC6B58D9649C} = {A304AE9C-D781-4AC1-9778-0297ADF6037F}
	EndGlobalSection
EndGlobal
